
Microsoft Visual Studio Solution File, Format Version 12.00
# Visual Studio Version 17
VisualStudioVersion = 17.5.33414.496
MinimumVisualStudioVersion = 10.0.40219.1
Project("{8BC9CEB8-8B4A-11D0-8D11-00A0C91BC942}") = "Driver", "Driver\Driver.vcxproj", "{80F7E6C4-7AD4-42BC-A358-F235A50BBE3E}"
	ProjectSection(ProjectDependencies) = postProject
		{3EAA2C2D-0AFB-4549-87AA-A375ADB5809E} = {3EAA2C2D-0AFB-4549-87AA-A375ADB5809E}
	EndProjectSection
EndProject
Project("{2150E333-8FDC-42A3-9474-1A3956D46DE8}") = "Solution Items", "Solution Items", "{A3AF799E-D134-4274-984B-F01722457094}"
	ProjectSection(SolutionItems) = preProject
		.clang-format = .clang-format
		.gitignore = .gitignore
		README.md = README.md
		vcpkg.json = vcpkg.json
	EndProjectSection
	ProjectSection(FolderGlobals) = preProject
		E_5_4Projects_4cpp_4triton_4vcpkg_1json__JsonSchema = https://raw.githubusercontent.com/microsoft/vcpkg-tool/main/docs/vcpkg.schema.json
	EndProjectSection
EndProject
Project("{8BC9CEB8-8B4A-11D0-8D11-00A0C91BC942}") = "Triton", "Triton\Triton.vcxproj", "{3EAA2C2D-0AFB-4549-87AA-A375ADB5809E}"
EndProject
Project("{2150E333-8FDC-42A3-9474-1A3956D46DE8}") = "vendor", "vendor", "{67F086BC-F270-4E9D-B9B1-04D4220C1CB1}"
EndProject
Project("{2150E333-8FDC-42A3-9474-1A3956D46DE8}") = "ktx", "ktx", "{1E7599C6-E2C9-4195-A4FB-AACA619B91F3}"
EndProject
Project("{2150E333-8FDC-42A3-9474-1A3956D46DE8}") = "include", "include", "{C2E85B88-3420-4B07-893E-DB3F3D8004D1}"
	ProjectSection(SolutionItems) = preProject
		Vendor\ktx\include\ktx.h = Vendor\ktx\include\ktx.h
		Vendor\ktx\include\ktxvulkan.h = Vendor\ktx\include\ktxvulkan.h
	EndProjectSection
EndProject
Project("{2150E333-8FDC-42A3-9474-1A3956D46DE8}") = "lib", "lib", "{3CDC2747-ECE9-4CC1-8EA6-787D1E1C7C7F}"
	ProjectSection(SolutionItems) = preProject
		Vendor\ktx\lib\ktx.lib = Vendor\ktx\lib\ktx.lib
	EndProjectSection
EndProject
Global
	GlobalSection(SolutionConfigurationPlatforms) = preSolution
		Debug|x64 = Debug|x64
		Debug|x86 = Debug|x86
		Release|x64 = Release|x64
		Release|x86 = Release|x86
	EndGlobalSection
	GlobalSection(ProjectConfigurationPlatforms) = postSolution
		{80F7E6C4-7AD4-42BC-A358-F235A50BBE3E}.Debug|x64.ActiveCfg = Debug|x64
		{80F7E6C4-7AD4-42BC-A358-F235A50BBE3E}.Debug|x64.Build.0 = Debug|x64
		{80F7E6C4-7AD4-42BC-A358-F235A50BBE3E}.Debug|x86.ActiveCfg = Debug|Win32
		{80F7E6C4-7AD4-42BC-A358-F235A50BBE3E}.Debug|x86.Build.0 = Debug|Win32
		{80F7E6C4-7AD4-42BC-A358-F235A50BBE3E}.Release|x64.ActiveCfg = Release|x64
		{80F7E6C4-7AD4-42BC-A358-F235A50BBE3E}.Release|x64.Build.0 = Release|x64
		{80F7E6C4-7AD4-42BC-A358-F235A50BBE3E}.Release|x86.ActiveCfg = Release|Win32
		{80F7E6C4-7AD4-42BC-A358-F235A50BBE3E}.Release|x86.Build.0 = Release|Win32
		{3EAA2C2D-0AFB-4549-87AA-A375ADB5809E}.Debug|x64.ActiveCfg = Debug|x64
		{3EAA2C2D-0AFB-4549-87AA-A375ADB5809E}.Debug|x64.Build.0 = Debug|x64
		{3EAA2C2D-0AFB-4549-87AA-A375ADB5809E}.Debug|x86.ActiveCfg = Debug|Win32
		{3EAA2C2D-0AFB-4549-87AA-A375ADB5809E}.Debug|x86.Build.0 = Debug|Win32
		{3EAA2C2D-0AFB-4549-87AA-A375ADB5809E}.Release|x64.ActiveCfg = Release|x64
		{3EAA2C2D-0AFB-4549-87AA-A375ADB5809E}.Release|x64.Build.0 = Release|x64
		{3EAA2C2D-0AFB-4549-87AA-A375ADB5809E}.Release|x86.ActiveCfg = Release|Win32
		{3EAA2C2D-0AFB-4549-87AA-A375ADB5809E}.Release|x86.Build.0 = Release|Win32
	EndGlobalSection
	GlobalSection(SolutionProperties) = preSolution
		HideSolutionNode = FALSE
	EndGlobalSection
	GlobalSection(NestedProjects) = preSolution
		{67F086BC-F270-4E9D-B9B1-04D4220C1CB1} = {A3AF799E-D134-4274-984B-F01722457094}
		{1E7599C6-E2C9-4195-A4FB-AACA619B91F3} = {67F086BC-F270-4E9D-B9B1-04D4220C1CB1}
		{C2E85B88-3420-4B07-893E-DB3F3D8004D1} = {1E7599C6-E2C9-4195-A4FB-AACA619B91F3}
		{3CDC2747-ECE9-4CC1-8EA6-787D1E1C7C7F} = {1E7599C6-E2C9-4195-A4FB-AACA619B91F3}
	EndGlobalSection
	GlobalSection(ExtensibilityGlobals) = postSolution
		SolutionGuid = {8618B10E-46D1-44F6-8CF7-203A3961C5CA}
	EndGlobalSection
EndGlobal
