<?xml version="1.0" encoding="utf-8"?>
<Project ToolsVersion="4.0" xmlns="http://schemas.microsoft.com/developer/msbuild/2003">
  <ItemGroup>
    <Filter Include="Application">
      <UniqueIdentifier>{6d21bba3-7f76-4783-82cd-4e0bbf0a1f89}</UniqueIdentifier>
    </Filter>
    <Filter Include="Utilities">
      <UniqueIdentifier>{c9245952-ca3a-40c8-8428-3ce9c68fe70d}</UniqueIdentifier>
    </Filter>
    <Filter Include="Core">
      <UniqueIdentifier>{d1816b83-2848-4ba0-8117-4632dd1f02e8}</UniqueIdentifier>
    </Filter>
    <Filter Include="Core\Renderers">
      <UniqueIdentifier>{8f225ee3-c0c4-4173-8b56-0edc324a29aa}</UniqueIdentifier>
    </Filter>
  </ItemGroup>
  <ItemGroup>
    <ClInclude Include="AbstractPipeline.h">
      <Filter>Core</Filter>
    </ClInclude>
    <ClInclude Include="DefaultPipeline.h">
      <Filter>Core</Filter>
    </ClInclude>
    <ClInclude Include="FrameData.h">
      <Filter>Core</Filter>
    </ClInclude>
    <ClInclude Include="framework.h">
      <Filter>Core</Filter>
    </ClInclude>
    <ClInclude Include="ImmediateContext.h">
      <Filter>Core</Filter>
    </ClInclude>
    <ClInclude Include="Instance.h">
      <Filter>Core</Filter>
    </ClInclude>
    <ClInclude Include="ObjectMatrices.h">
      <Filter>Core</Filter>
    </ClInclude>
    <ClInclude Include="RenderDevice.h">
      <Filter>Core</Filter>
    </ClInclude>
    <ClInclude Include="SpirvHelper.h">
      <Filter>Core</Filter>
    </ClInclude>
    <ClInclude Include="Texture.h">
      <Filter>Core</Filter>
    </ClInclude>
    <ClInclude Include="TextureFactory.h">
      <Filter>Core</Filter>
    </ClInclude>
    <ClInclude Include="VertexFormats.h">
      <Filter>Core</Filter>
    </ClInclude>
    <ClInclude Include="vma_raii.h">
      <Filter>Core</Filter>
    </ClInclude>
    <ClInclude Include="Application.h">
      <Filter>Application</Filter>
    </ClInclude>
    <ClInclude Include="Game.h">
      <Filter>Application</Filter>
    </ClInclude>
    <ClInclude Include="Log.h">
      <Filter>Utilities</Filter>
    </ClInclude>
    <ClInclude Include="Utils.h">
      <Filter>Utilities</Filter>
    </ClInclude>
    <ClInclude Include="RendererBase.h">
      <Filter>Core\Renderers</Filter>
    </ClInclude>
    <ClInclude Include="Clear.h">
      <Filter>Core\Renderers</Filter>
    </ClInclude>
    <ClInclude Include="RenderData.h">
      <Filter>Application</Filter>
    </ClInclude>
  </ItemGroup>
  <ItemGroup>
    <ClCompile Include="AbstractPipeline.cpp">
      <Filter>Core</Filter>
    </ClCompile>
    <ClCompile Include="DefaultPipeline.cpp">
      <Filter>Core</Filter>
    </ClCompile>
    <ClCompile Include="FrameData.cpp">
      <Filter>Core</Filter>
    </ClCompile>
    <ClCompile Include="ImmediateContext.cpp">
      <Filter>Core</Filter>
    </ClCompile>
    <ClCompile Include="Instance.cpp">
      <Filter>Core</Filter>
    </ClCompile>
    <ClCompile Include="RenderDevice.cpp">
      <Filter>Core</Filter>
    </ClCompile>
    <ClCompile Include="SpirvHelper.cpp">
      <Filter>Core</Filter>
    </ClCompile>
    <ClCompile Include="Texture.cpp">
      <Filter>Core</Filter>
    </ClCompile>
    <ClCompile Include="TextureFactory.cpp">
      <Filter>Core</Filter>
    </ClCompile>
    <ClCompile Include="vma_raii.cpp">
      <Filter>Core</Filter>
    </ClCompile>
    <ClCompile Include="vma.cpp">
      <Filter>Core</Filter>
    </ClCompile>
    <ClCompile Include="Application.cpp">
      <Filter>Application</Filter>
    </ClCompile>
    <ClCompile Include="Game.cpp">
      <Filter>Application</Filter>
    </ClCompile>
    <ClCompile Include="Utils.cpp">
      <Filter>Utilities</Filter>
    </ClCompile>
    <ClCompile Include="Log.cpp">
      <Filter>Utilities</Filter>
    </ClCompile>
    <ClCompile Include="RendererBase.cpp">
      <Filter>Core\Renderers</Filter>
    </ClCompile>
    <ClCompile Include="Clear.cpp">
      <Filter>Core\Renderers</Filter>
    </ClCompile>
  </ItemGroup>
</Project>